
Microsoft Visual Studio Solution File, Format Version 12.00
# Visual Studio Version 17
VisualStudioVersion = 17.2.32616.157
MinimumVisualStudioVersion = 10.0.40219.1
Project("{9A19103F-16F7-4668-BE54-9A1E7A4F7556}") = "AgileConnect", "AgileConnect\AgileConnect.csproj", "{326C5430-2C56-452D-B08E-D9E91DC509A4}"
	ProjectSection(ProjectDependencies) = postProject
		{E001460F-E990-4452-96F4-6009606FCCF5} = {E001460F-E990-4452-96F4-6009606FCCF5}
	EndProjectSection
EndProject
Project("{9A19103F-16F7-4668-BE54-9A1E7A4F7556}") = "ARM_APIs", "ARM_APIs\ARM_APIs.csproj", "{15168284-6D1D-48D7-A4A3-262D6AD835D3}"
	ProjectSection(ProjectDependencies) = postProject
		{E001460F-E990-4452-96F4-6009606FCCF5} = {E001460F-E990-4452-96F4-6009606FCCF5}
	EndProjectSection
EndProject
Project("{9A19103F-16F7-4668-BE54-9A1E7A4F7556}") = "ARMCommon", "ARMCommon\ARMCommon.csproj", "{E001460F-E990-4452-96F4-6009606FCCF5}"
EndProject
Project("{9A19103F-16F7-4668-BE54-9A1E7A4F7556}") = "ARMLoggingService", "LoggingService\ARMLoggingService.csproj", "{EA5F2724-00B2-4BF0-9AF2-EC0315210E9B}"
EndProject
Project("{9A19103F-16F7-4668-BE54-9A1E7A4F7556}") = "ARMQueueProcessor", "ARMQueueProcessor\ARMQueueProcessor.csproj", "{45C0C55F-E0CA-4F40-9B75-7FA048BBF6A3}"
EndProject
Project("{9A19103F-16F7-4668-BE54-9A1E7A4F7556}") = "ARMPEGReminderService", "PEGReminderService\ARMPEGReminderService.csproj", "{F26ED751-830B-49E8-9346-25E9E8731FC0}"
EndProject
Project("{9A19103F-16F7-4668-BE54-9A1E7A4F7556}") = "ARMEmailNotificationService", "EmailNotification\ARMEmailNotificationService.csproj", "{C7DCDFBF-6D6C-4B5B-82D5-92525B7EE31F}"
EndProject
Project("{9A19103F-16F7-4668-BE54-9A1E7A4F7556}") = "ARMPushtoTableService", "ARMPushtoTableService\ARMPushtoTableService.csproj", "{5FC4DC09-921F-4764-8C52-F505141A3251}"
EndProject
Project("{9A19103F-16F7-4668-BE54-9A1E7A4F7556}") = "ARMGetDataService", "ARMGetDataService\ARMGetDataService.csproj", "{048A8123-45DE-45FB-AFFD-6015BBFD88A1}"
EndProject
Project("{9A19103F-16F7-4668-BE54-9A1E7A4F7556}") = "ARMAPIService", "ARMAPIService\ARMAPIService.csproj", "{5F8CA691-14F6-4515-A3D1-55A18B7D299A}"
EndProject
Project("{9A19103F-16F7-4668-BE54-9A1E7A4F7556}") = "DataSyncronizationService", "DataSyncronizationService\DataSyncronizationService.csproj", "{1497FBED-9A96-446D-B07D-33AB3E84638A}"
EndProject
Project("{9A19103F-16F7-4668-BE54-9A1E7A4F7556}") = "ARMAxpertJobs", "ARMAxpertJobs\ARMAxpertJobs.csproj", "{638B3A6E-9C4B-4495-85C6-D076B68D1BEC}"
EndProject
Project("{9A19103F-16F7-4668-BE54-9A1E7A4F7556}") = "ARMRapidSaveService", "RapidSaveService\ARMRapidSaveService.csproj", "{5FAEF794-DEDA-434C-BA52-3B73043981C1}"
EndProject
Project("{9A19103F-16F7-4668-BE54-9A1E7A4F7556}") = "ARMSaveDataService", "ARMSaveDataService\ARMSaveDataService.csproj", "{3F1BDD5F-7EC5-4D42-8AB6-CDC9D83E37D3}"
EndProject
Project("{9A19103F-16F7-4668-BE54-9A1E7A4F7556}") = "ARMPegInitService", "ARMPegInitService\ARMPegInitService.csproj", "{F3B018CF-7970-492C-842E-7CA038B887F1}"
EndProject
Project("{9A19103F-16F7-4668-BE54-9A1E7A4F7556}") = "ARMServices", "ARMServices\ARMServices.csproj", "{34A81F13-0545-41D2-A25F-7BE31018AA95}"
EndProject
Project("{9A19103F-16F7-4668-BE54-9A1E7A4F7556}") = "ARMPegInitEscalationService", "ARMPegInitEscalationService\ARMPegInitEscalationService.csproj", "{91D4AEAE-40DB-41DD-9BB2-4868533BEB13}"
EndProject
Project("{9A19103F-16F7-4668-BE54-9A1E7A4F7556}") = "SFTPInitService", "SFTPInitService\SFTPInitService.csproj", "{DAAD442C-C8EB-47E1-BAB0-5DB89392D979}"
EndProject
Project("{9A19103F-16F7-4668-BE54-9A1E7A4F7556}") = "SFTPConsumerService", "SFTPConsumerService\SFTPConsumerService.csproj", "{E4C2D964-9167-4CCC-8358-8E2848C3194D}"
EndProject
Project("{9A19103F-16F7-4668-BE54-9A1E7A4F7556}") = "ARMCachedSaveService", "ARMCachedSaveService\ARMCachedSaveService.csproj", "{B08904B4-CD52-4E98-9514-F2CAE77C1EF3}"
EndProject
Project("{9A19103F-16F7-4668-BE54-9A1E7A4F7556}") = "ARMLocationService", "ARMLocationService\ARMLocationService.csproj", "{7A4E51E9-22DD-47A5-85CE-77E457D2EE34}"
EndProject
Project("{9A19103F-16F7-4668-BE54-9A1E7A4F7556}") = "ARMPeriodicNotificationService", "ARMPeriodicNotificationService\ARMPeriodicNotificationService.csproj", "{61E9CD92-C598-4C38-9747-478774D4BDCC}"
EndProject
Project("{9A19103F-16F7-4668-BE54-9A1E7A4F7556}") = "ARMQueueConsumer", "ARMQueueConsumer\ARMQueueConsumer.csproj", "{9A872310-5BE9-477E-8677-D0B469AA8207}"
EndProject
Project("{9A19103F-16F7-4668-BE54-9A1E7A4F7556}") = "ARMQueueExchange", "ARMQueueExchange\ARMQueueExchange.csproj", "{53B1C26D-5810-4A2B-A9CB-7BFBE435077F}"
EndProject
Project("{9A19103F-16F7-4668-BE54-9A1E7A4F7556}") = "ARMExportService", "ARMExportService\ARMExportService.csproj", "{2518B356-C208-4AC5-84BD-CC1F499787CC}"
EndProject
Project("{9A19103F-16F7-4668-BE54-9A1E7A4F7556}") = "SFTPServiceHangfire", "SFTPServiceHangfire\SFTPServiceHangfire.csproj", "{6A4B96C5-B6E7-4611-8C49-A4E42B867276}"
EndProject
Project("{9A19103F-16F7-4668-BE54-9A1E7A4F7556}") = "ARMExecuteScript", "ARMExecuteScript\ARMExecuteScript.csproj", "{111BA0A0-B55F-4E69-9261-15A88CE4EAD5}"
EndProject
Project("{9A19103F-16F7-4668-BE54-9A1E7A4F7556}") = "ARMServiceLog", "ARMServiceLog\ARMServiceLog.csproj", "{D7A673FD-F89F-4AFE-B72A-FCFEE8ACE309}"
EndProject
Project("{9A19103F-16F7-4668-BE54-9A1E7A4F7556}") = "DEMO", "DEMO\DEMO.csproj", "{DF16655B-AC1D-46D9-9BA7-985DE7F1D732}"
EndProject
Project("{9A19103F-16F7-4668-BE54-9A1E7A4F7556}") = "BankIntegration", "consumerProgram\BankIntegration.csproj", "{E13D5A22-84B4-4FFD-8687-F0CDFC3F6326}"
EndProject
Project("{9A19103F-16F7-4668-BE54-9A1E7A4F7556}") = "SFTPServiceTimer", "SFTPServiceTimer\SFTPServiceTimer.csproj", "{0A919EAA-B978-435B-B75E-699BCC362449}"
EndProject
Project("{9A19103F-16F7-4668-BE54-9A1E7A4F7556}") = "ARMExportService2", "ARMExportService2\ARMExportService2.csproj", "{13BD5082-28E9-4BB4-AB9A-FD7D38D87A0E}"
EndProject
Project("{9A19103F-16F7-4668-BE54-9A1E7A4F7556}") = "SFTPServiceTimer2", "SFTPServiceTimer2\SFTPServiceTimer2.csproj", "{AEEBAA98-2042-421E-9406-3EA2053526BD}"
EndProject
Project("{9A19103F-16F7-4668-BE54-9A1E7A4F7556}") = "PaymentIntegration", "PaymentIntegration\PaymentIntegration.csproj", "{F9342FB6-28B2-40F9-83AF-18814126EA18}"
EndProject
Project("{FAE04EC0-301F-11D3-BF4B-00C04F79EFBC}") = "SendWhatsAppMessage", "SendWhatsAppMessage\SendWhatsAppMessage.csproj", "{03A5CD45-CEF0-4BEF-9876-029934E71EA4}"
EndProject
Global
	GlobalSection(SolutionConfigurationPlatforms) = preSolution
		Debug|Any CPU = Debug|Any CPU
		Release|Any CPU = Release|Any CPU
	EndGlobalSection
	GlobalSection(ProjectConfigurationPlatforms) = postSolution
		{326C5430-2C56-452D-B08E-D9E91DC509A4}.Debug|Any CPU.ActiveCfg = Debug|Any CPU
		{326C5430-2C56-452D-B08E-D9E91DC509A4}.Debug|Any CPU.Build.0 = Debug|Any CPU
		{326C5430-2C56-452D-B08E-D9E91DC509A4}.Release|Any CPU.ActiveCfg = Release|Any CPU
		{326C5430-2C56-452D-B08E-D9E91DC509A4}.Release|Any CPU.Build.0 = Release|Any CPU
		{15168284-6D1D-48D7-A4A3-262D6AD835D3}.Debug|Any CPU.ActiveCfg = Debug|Any CPU
		{15168284-6D1D-48D7-A4A3-262D6AD835D3}.Debug|Any CPU.Build.0 = Debug|Any CPU
		{15168284-6D1D-48D7-A4A3-262D6AD835D3}.Release|Any CPU.ActiveCfg = Release|Any CPU
		{15168284-6D1D-48D7-A4A3-262D6AD835D3}.Release|Any CPU.Build.0 = Release|Any CPU
		{E001460F-E990-4452-96F4-6009606FCCF5}.Debug|Any CPU.ActiveCfg = Debug|Any CPU
		{E001460F-E990-4452-96F4-6009606FCCF5}.Debug|Any CPU.Build.0 = Debug|Any CPU
		{E001460F-E990-4452-96F4-6009606FCCF5}.Release|Any CPU.ActiveCfg = Release|Any CPU
		{E001460F-E990-4452-96F4-6009606FCCF5}.Release|Any CPU.Build.0 = Release|Any CPU
		{EA5F2724-00B2-4BF0-9AF2-EC0315210E9B}.Debug|Any CPU.ActiveCfg = Debug|Any CPU
		{EA5F2724-00B2-4BF0-9AF2-EC0315210E9B}.Debug|Any CPU.Build.0 = Debug|Any CPU
		{EA5F2724-00B2-4BF0-9AF2-EC0315210E9B}.Release|Any CPU.ActiveCfg = Release|Any CPU
		{EA5F2724-00B2-4BF0-9AF2-EC0315210E9B}.Release|Any CPU.Build.0 = Release|Any CPU
		{45C0C55F-E0CA-4F40-9B75-7FA048BBF6A3}.Debug|Any CPU.ActiveCfg = Debug|Any CPU
		{45C0C55F-E0CA-4F40-9B75-7FA048BBF6A3}.Debug|Any CPU.Build.0 = Debug|Any CPU
		{45C0C55F-E0CA-4F40-9B75-7FA048BBF6A3}.Release|Any CPU.ActiveCfg = Release|Any CPU
		{45C0C55F-E0CA-4F40-9B75-7FA048BBF6A3}.Release|Any CPU.Build.0 = Release|Any CPU
		{F26ED751-830B-49E8-9346-25E9E8731FC0}.Debug|Any CPU.ActiveCfg = Debug|Any CPU
		{F26ED751-830B-49E8-9346-25E9E8731FC0}.Debug|Any CPU.Build.0 = Debug|Any CPU
		{F26ED751-830B-49E8-9346-25E9E8731FC0}.Release|Any CPU.ActiveCfg = Release|Any CPU
		{F26ED751-830B-49E8-9346-25E9E8731FC0}.Release|Any CPU.Build.0 = Release|Any CPU
		{C7DCDFBF-6D6C-4B5B-82D5-92525B7EE31F}.Debug|Any CPU.ActiveCfg = Debug|Any CPU
		{C7DCDFBF-6D6C-4B5B-82D5-92525B7EE31F}.Debug|Any CPU.Build.0 = Debug|Any CPU
		{C7DCDFBF-6D6C-4B5B-82D5-92525B7EE31F}.Release|Any CPU.ActiveCfg = Release|Any CPU
		{C7DCDFBF-6D6C-4B5B-82D5-92525B7EE31F}.Release|Any CPU.Build.0 = Release|Any CPU
		{5FC4DC09-921F-4764-8C52-F505141A3251}.Debug|Any CPU.ActiveCfg = Debug|Any CPU
		{5FC4DC09-921F-4764-8C52-F505141A3251}.Debug|Any CPU.Build.0 = Debug|Any CPU
		{5FC4DC09-921F-4764-8C52-F505141A3251}.Release|Any CPU.ActiveCfg = Release|Any CPU
		{5FC4DC09-921F-4764-8C52-F505141A3251}.Release|Any CPU.Build.0 = Release|Any CPU
		{048A8123-45DE-45FB-AFFD-6015BBFD88A1}.Debug|Any CPU.ActiveCfg = Debug|Any CPU
		{048A8123-45DE-45FB-AFFD-6015BBFD88A1}.Debug|Any CPU.Build.0 = Debug|Any CPU
		{048A8123-45DE-45FB-AFFD-6015BBFD88A1}.Release|Any CPU.ActiveCfg = Release|Any CPU
		{048A8123-45DE-45FB-AFFD-6015BBFD88A1}.Release|Any CPU.Build.0 = Release|Any CPU
		{5F8CA691-14F6-4515-A3D1-55A18B7D299A}.Debug|Any CPU.ActiveCfg = Debug|Any CPU
		{5F8CA691-14F6-4515-A3D1-55A18B7D299A}.Debug|Any CPU.Build.0 = Debug|Any CPU
		{5F8CA691-14F6-4515-A3D1-55A18B7D299A}.Release|Any CPU.ActiveCfg = Release|Any CPU
		{5F8CA691-14F6-4515-A3D1-55A18B7D299A}.Release|Any CPU.Build.0 = Release|Any CPU
		{1497FBED-9A96-446D-B07D-33AB3E84638A}.Debug|Any CPU.ActiveCfg = Debug|Any CPU
		{1497FBED-9A96-446D-B07D-33AB3E84638A}.Debug|Any CPU.Build.0 = Debug|Any CPU
		{1497FBED-9A96-446D-B07D-33AB3E84638A}.Release|Any CPU.ActiveCfg = Release|Any CPU
		{1497FBED-9A96-446D-B07D-33AB3E84638A}.Release|Any CPU.Build.0 = Release|Any CPU
		{638B3A6E-9C4B-4495-85C6-D076B68D1BEC}.Debug|Any CPU.ActiveCfg = Debug|Any CPU
		{638B3A6E-9C4B-4495-85C6-D076B68D1BEC}.Debug|Any CPU.Build.0 = Debug|Any CPU
		{638B3A6E-9C4B-4495-85C6-D076B68D1BEC}.Release|Any CPU.ActiveCfg = Release|Any CPU
		{638B3A6E-9C4B-4495-85C6-D076B68D1BEC}.Release|Any CPU.Build.0 = Release|Any CPU
		{5FAEF794-DEDA-434C-BA52-3B73043981C1}.Debug|Any CPU.ActiveCfg = Debug|Any CPU
		{5FAEF794-DEDA-434C-BA52-3B73043981C1}.Debug|Any CPU.Build.0 = Debug|Any CPU
		{5FAEF794-DEDA-434C-BA52-3B73043981C1}.Release|Any CPU.ActiveCfg = Release|Any CPU
		{5FAEF794-DEDA-434C-BA52-3B73043981C1}.Release|Any CPU.Build.0 = Release|Any CPU
		{3F1BDD5F-7EC5-4D42-8AB6-CDC9D83E37D3}.Debug|Any CPU.ActiveCfg = Debug|Any CPU
		{3F1BDD5F-7EC5-4D42-8AB6-CDC9D83E37D3}.Debug|Any CPU.Build.0 = Debug|Any CPU
		{3F1BDD5F-7EC5-4D42-8AB6-CDC9D83E37D3}.Release|Any CPU.ActiveCfg = Release|Any CPU
		{3F1BDD5F-7EC5-4D42-8AB6-CDC9D83E37D3}.Release|Any CPU.Build.0 = Release|Any CPU
		{F3B018CF-7970-492C-842E-7CA038B887F1}.Debug|Any CPU.ActiveCfg = Debug|Any CPU
		{F3B018CF-7970-492C-842E-7CA038B887F1}.Debug|Any CPU.Build.0 = Debug|Any CPU
		{F3B018CF-7970-492C-842E-7CA038B887F1}.Release|Any CPU.ActiveCfg = Release|Any CPU
		{F3B018CF-7970-492C-842E-7CA038B887F1}.Release|Any CPU.Build.0 = Release|Any CPU
		{34A81F13-0545-41D2-A25F-7BE31018AA95}.Debug|Any CPU.ActiveCfg = Debug|Any CPU
		{34A81F13-0545-41D2-A25F-7BE31018AA95}.Debug|Any CPU.Build.0 = Debug|Any CPU
		{34A81F13-0545-41D2-A25F-7BE31018AA95}.Release|Any CPU.ActiveCfg = Release|Any CPU
		{34A81F13-0545-41D2-A25F-7BE31018AA95}.Release|Any CPU.Build.0 = Release|Any CPU
		{91D4AEAE-40DB-41DD-9BB2-4868533BEB13}.Debug|Any CPU.ActiveCfg = Debug|Any CPU
		{91D4AEAE-40DB-41DD-9BB2-4868533BEB13}.Debug|Any CPU.Build.0 = Debug|Any CPU
		{91D4AEAE-40DB-41DD-9BB2-4868533BEB13}.Release|Any CPU.ActiveCfg = Release|Any CPU
		{91D4AEAE-40DB-41DD-9BB2-4868533BEB13}.Release|Any CPU.Build.0 = Release|Any CPU
		{DAAD442C-C8EB-47E1-BAB0-5DB89392D979}.Debug|Any CPU.ActiveCfg = Debug|Any CPU
		{DAAD442C-C8EB-47E1-BAB0-5DB89392D979}.Debug|Any CPU.Build.0 = Debug|Any CPU
		{DAAD442C-C8EB-47E1-BAB0-5DB89392D979}.Release|Any CPU.ActiveCfg = Release|Any CPU
		{DAAD442C-C8EB-47E1-BAB0-5DB89392D979}.Release|Any CPU.Build.0 = Release|Any CPU
		{E4C2D964-9167-4CCC-8358-8E2848C3194D}.Debug|Any CPU.ActiveCfg = Debug|Any CPU
		{E4C2D964-9167-4CCC-8358-8E2848C3194D}.Debug|Any CPU.Build.0 = Debug|Any CPU
		{E4C2D964-9167-4CCC-8358-8E2848C3194D}.Release|Any CPU.ActiveCfg = Release|Any CPU
		{E4C2D964-9167-4CCC-8358-8E2848C3194D}.Release|Any CPU.Build.0 = Release|Any CPU
		{B08904B4-CD52-4E98-9514-F2CAE77C1EF3}.Debug|Any CPU.ActiveCfg = Debug|Any CPU
		{B08904B4-CD52-4E98-9514-F2CAE77C1EF3}.Debug|Any CPU.Build.0 = Debug|Any CPU
		{B08904B4-CD52-4E98-9514-F2CAE77C1EF3}.Release|Any CPU.ActiveCfg = Release|Any CPU
		{B08904B4-CD52-4E98-9514-F2CAE77C1EF3}.Release|Any CPU.Build.0 = Release|Any CPU
		{7A4E51E9-22DD-47A5-85CE-77E457D2EE34}.Debug|Any CPU.ActiveCfg = Debug|Any CPU
		{7A4E51E9-22DD-47A5-85CE-77E457D2EE34}.Debug|Any CPU.Build.0 = Debug|Any CPU
		{7A4E51E9-22DD-47A5-85CE-77E457D2EE34}.Release|Any CPU.ActiveCfg = Release|Any CPU
		{7A4E51E9-22DD-47A5-85CE-77E457D2EE34}.Release|Any CPU.Build.0 = Release|Any CPU
		{61E9CD92-C598-4C38-9747-478774D4BDCC}.Debug|Any CPU.ActiveCfg = Debug|Any CPU
		{61E9CD92-C598-4C38-9747-478774D4BDCC}.Debug|Any CPU.Build.0 = Debug|Any CPU
		{61E9CD92-C598-4C38-9747-478774D4BDCC}.Release|Any CPU.ActiveCfg = Release|Any CPU
		{61E9CD92-C598-4C38-9747-478774D4BDCC}.Release|Any CPU.Build.0 = Release|Any CPU
		{9A872310-5BE9-477E-8677-D0B469AA8207}.Debug|Any CPU.ActiveCfg = Debug|Any CPU
		{9A872310-5BE9-477E-8677-D0B469AA8207}.Debug|Any CPU.Build.0 = Debug|Any CPU
		{9A872310-5BE9-477E-8677-D0B469AA8207}.Release|Any CPU.ActiveCfg = Release|Any CPU
		{9A872310-5BE9-477E-8677-D0B469AA8207}.Release|Any CPU.Build.0 = Release|Any CPU
		{53B1C26D-5810-4A2B-A9CB-7BFBE435077F}.Debug|Any CPU.ActiveCfg = Debug|Any CPU
		{53B1C26D-5810-4A2B-A9CB-7BFBE435077F}.Debug|Any CPU.Build.0 = Debug|Any CPU
		{53B1C26D-5810-4A2B-A9CB-7BFBE435077F}.Release|Any CPU.ActiveCfg = Release|Any CPU
		{53B1C26D-5810-4A2B-A9CB-7BFBE435077F}.Release|Any CPU.Build.0 = Release|Any CPU
		{2518B356-C208-4AC5-84BD-CC1F499787CC}.Debug|Any CPU.ActiveCfg = Debug|Any CPU
		{2518B356-C208-4AC5-84BD-CC1F499787CC}.Debug|Any CPU.Build.0 = Debug|Any CPU
		{2518B356-C208-4AC5-84BD-CC1F499787CC}.Release|Any CPU.ActiveCfg = Release|Any CPU
		{2518B356-C208-4AC5-84BD-CC1F499787CC}.Release|Any CPU.Build.0 = Release|Any CPU
		{6A4B96C5-B6E7-4611-8C49-A4E42B867276}.Debug|Any CPU.ActiveCfg = Debug|Any CPU
		{6A4B96C5-B6E7-4611-8C49-A4E42B867276}.Debug|Any CPU.Build.0 = Debug|Any CPU
		{6A4B96C5-B6E7-4611-8C49-A4E42B867276}.Release|Any CPU.ActiveCfg = Release|Any CPU
		{6A4B96C5-B6E7-4611-8C49-A4E42B867276}.Release|Any CPU.Build.0 = Release|Any CPU
		{111BA0A0-B55F-4E69-9261-15A88CE4EAD5}.Debug|Any CPU.ActiveCfg = Debug|Any CPU
		{111BA0A0-B55F-4E69-9261-15A88CE4EAD5}.Debug|Any CPU.Build.0 = Debug|Any CPU
		{111BA0A0-B55F-4E69-9261-15A88CE4EAD5}.Release|Any CPU.ActiveCfg = Release|Any CPU
		{111BA0A0-B55F-4E69-9261-15A88CE4EAD5}.Release|Any CPU.Build.0 = Release|Any CPU
		{D7A673FD-F89F-4AFE-B72A-FCFEE8ACE309}.Debug|Any CPU.ActiveCfg = Debug|Any CPU
		{D7A673FD-F89F-4AFE-B72A-FCFEE8ACE309}.Debug|Any CPU.Build.0 = Debug|Any CPU
		{D7A673FD-F89F-4AFE-B72A-FCFEE8ACE309}.Release|Any CPU.ActiveCfg = Release|Any CPU
		{D7A673FD-F89F-4AFE-B72A-FCFEE8ACE309}.Release|Any CPU.Build.0 = Release|Any CPU
		{DF16655B-AC1D-46D9-9BA7-985DE7F1D732}.Debug|Any CPU.ActiveCfg = Debug|Any CPU
		{DF16655B-AC1D-46D9-9BA7-985DE7F1D732}.Debug|Any CPU.Build.0 = Debug|Any CPU
		{DF16655B-AC1D-46D9-9BA7-985DE7F1D732}.Release|Any CPU.ActiveCfg = Release|Any CPU
		{DF16655B-AC1D-46D9-9BA7-985DE7F1D732}.Release|Any CPU.Build.0 = Release|Any CPU
		{E13D5A22-84B4-4FFD-8687-F0CDFC3F6326}.Debug|Any CPU.ActiveCfg = Debug|Any CPU
		{E13D5A22-84B4-4FFD-8687-F0CDFC3F6326}.Debug|Any CPU.Build.0 = Debug|Any CPU
		{E13D5A22-84B4-4FFD-8687-F0CDFC3F6326}.Release|Any CPU.ActiveCfg = Release|Any CPU
		{E13D5A22-84B4-4FFD-8687-F0CDFC3F6326}.Release|Any CPU.Build.0 = Release|Any CPU
		{0A919EAA-B978-435B-B75E-699BCC362449}.Debug|Any CPU.ActiveCfg = Debug|Any CPU
		{0A919EAA-B978-435B-B75E-699BCC362449}.Debug|Any CPU.Build.0 = Debug|Any CPU
		{0A919EAA-B978-435B-B75E-699BCC362449}.Release|Any CPU.ActiveCfg = Release|Any CPU
		{0A919EAA-B978-435B-B75E-699BCC362449}.Release|Any CPU.Build.0 = Release|Any CPU
		{13BD5082-28E9-4BB4-AB9A-FD7D38D87A0E}.Debug|Any CPU.ActiveCfg = Debug|Any CPU
		{13BD5082-28E9-4BB4-AB9A-FD7D38D87A0E}.Debug|Any CPU.Build.0 = Debug|Any CPU
		{13BD5082-28E9-4BB4-AB9A-FD7D38D87A0E}.Release|Any CPU.ActiveCfg = Release|Any CPU
		{13BD5082-28E9-4BB4-AB9A-FD7D38D87A0E}.Release|Any CPU.Build.0 = Release|Any CPU
		{AEEBAA98-2042-421E-9406-3EA2053526BD}.Debug|Any CPU.ActiveCfg = Debug|Any CPU
		{AEEBAA98-2042-421E-9406-3EA2053526BD}.Debug|Any CPU.Build.0 = Debug|Any CPU
		{AEEBAA98-2042-421E-9406-3EA2053526BD}.Release|Any CPU.ActiveCfg = Release|Any CPU
		{AEEBAA98-2042-421E-9406-3EA2053526BD}.Release|Any CPU.Build.0 = Release|Any CPU
		{F9342FB6-28B2-40F9-83AF-18814126EA18}.Debug|Any CPU.ActiveCfg = Debug|Any CPU
		{F9342FB6-28B2-40F9-83AF-18814126EA18}.Debug|Any CPU.Build.0 = Debug|Any CPU
		{F9342FB6-28B2-40F9-83AF-18814126EA18}.Release|Any CPU.ActiveCfg = Release|Any CPU
		{F9342FB6-28B2-40F9-83AF-18814126EA18}.Release|Any CPU.Build.0 = Release|Any CPU
		{03A5CD45-CEF0-4BEF-9876-029934E71EA4}.Debug|Any CPU.ActiveCfg = Debug|Any CPU
		{03A5CD45-CEF0-4BEF-9876-029934E71EA4}.Debug|Any CPU.Build.0 = Debug|Any CPU
		{03A5CD45-CEF0-4BEF-9876-029934E71EA4}.Release|Any CPU.ActiveCfg = Release|Any CPU
		{03A5CD45-CEF0-4BEF-9876-029934E71EA4}.Release|Any CPU.Build.0 = Release|Any CPU
	EndGlobalSection
	GlobalSection(SolutionProperties) = preSolution
		HideSolutionNode = FALSE
	EndGlobalSection
	GlobalSection(ExtensibilityGlobals) = postSolution
		SolutionGuid = {1038196F-7931-4713-8931-6745A38BEA3D}
	EndGlobalSection
EndGlobal
